// !$*UTF8*$!
{
	archiveVersion = 1;
	classes = {
	};
	objectVersion = 56;
	objects = {

/* Begin PBXBuildFile section */
		3B026BE12CBDFBDF00644AE8 /* SyukudaiAlartApp.swift in Sources */ = {isa = PBXBuildFile; fileRef = 3B026BE02CBDFBDF00644AE8 /* SyukudaiAlartApp.swift */; };
		3B026BE32CBDFBDF00644AE8 /* ContentView.swift in Sources */ = {isa = PBXBuildFile; fileRef = 3B026BE22CBDFBDF00644AE8 /* ContentView.swift */; };
		3B026BE52CBDFBE100644AE8 /* Assets.xcassets in Resources */ = {isa = PBXBuildFile; fileRef = 3B026BE42CBDFBE100644AE8 /* Assets.xcassets */; };
		3B026BE92CBDFBE100644AE8 /* Preview Assets.xcassets in Resources */ = {isa = PBXBuildFile; fileRef = 3B026BE82CBDFBE100644AE8 /* Preview Assets.xcassets */; };
		3B026BF32CBDFBE100644AE8 /* SyukudaiAlartTests.swift in Sources */ = {isa = PBXBuildFile; fileRef = 3B026BF22CBDFBE100644AE8 /* SyukudaiAlartTests.swift */; };
		3B026BFD2CBDFBE100644AE8 /* SyukudaiAlartUITests.swift in Sources */ = {isa = PBXBuildFile; fileRef = 3B026BFC2CBDFBE100644AE8 /* SyukudaiAlartUITests.swift */; };
		3B026BFF2CBDFBE100644AE8 /* SyukudaiAlartUITestsLaunchTests.swift in Sources */ = {isa = PBXBuildFile; fileRef = 3B026BFE2CBDFBE100644AE8 /* SyukudaiAlartUITestsLaunchTests.swift */; };
		3B026C0C2CBEA52000644AE8 /* TimerView.swift in Sources */ = {isa = PBXBuildFile; fileRef = 3B026C0B2CBEA52000644AE8 /* TimerView.swift */; };
		3B026C0E2CBEA53800644AE8 /* ProgressBar.swift in Sources */ = {isa = PBXBuildFile; fileRef = 3B026C0D2CBEA53800644AE8 /* ProgressBar.swift */; };
/* End PBXBuildFile section */

/* Begin PBXContainerItemProxy section */
		3B026BEF2CBDFBE100644AE8 /* PBXContainerItemProxy */ = {
			isa = PBXContainerItemProxy;
			containerPortal = 3B026BD52CBDFBDF00644AE8 /* Project object */;
			proxyType = 1;
			remoteGlobalIDString = 3B026BDC2CBDFBDF00644AE8;
			remoteInfo = SyukudaiAlart;
		};
		3B026BF92CBDFBE100644AE8 /* PBXContainerItemProxy */ = {
			isa = PBXContainerItemProxy;
			containerPortal = 3B026BD52CBDFBDF00644AE8 /* Project object */;
			proxyType = 1;
			remoteGlobalIDString = 3B026BDC2CBDFBDF00644AE8;
			remoteInfo = SyukudaiAlart;
		};
/* End PBXContainerItemProxy section */

/* Begin PBXFileReference section */
		3B026BDD2CBDFBDF00644AE8 /* SyukudaiAlart.app */ = {isa = PBXFileReference; explicitFileType = wrapper.application; includeInIndex = 0; path = SyukudaiAlart.app; sourceTree = BUILT_PRODUCTS_DIR; };
		3B026BE02CBDFBDF00644AE8 /* SyukudaiAlartApp.swift */ = {isa = PBXFileReference; lastKnownFileType = sourcecode.swift; path = SyukudaiAlartApp.swift; sourceTree = "<group>"; };
		3B026BE22CBDFBDF00644AE8 /* ContentView.swift */ = {isa = PBXFileReference; lastKnownFileType = sourcecode.swift; path = ContentView.swift; sourceTree = "<group>"; };
		3B026BE42CBDFBE100644AE8 /* Assets.xcassets */ = {isa = PBXFileReference; lastKnownFileType = folder.assetcatalog; path = Assets.xcassets; sourceTree = "<group>"; };
		3B026BE62CBDFBE100644AE8 /* SyukudaiAlart.entitlements */ = {isa = PBXFileReference; lastKnownFileType = text.plist.entitlements; path = SyukudaiAlart.entitlements; sourceTree = "<group>"; };
		3B026BE82CBDFBE100644AE8 /* Preview Assets.xcassets */ = {isa = PBXFileReference; lastKnownFileType = folder.assetcatalog; path = "Preview Assets.xcassets"; sourceTree = "<group>"; };
		3B026BEE2CBDFBE100644AE8 /* SyukudaiAlartTests.xctest */ = {isa = PBXFileReference; explicitFileType = wrapper.cfbundle; includeInIndex = 0; path = SyukudaiAlartTests.xctest; sourceTree = BUILT_PRODUCTS_DIR; };
		3B026BF22CBDFBE100644AE8 /* SyukudaiAlartTests.swift */ = {isa = PBXFileReference; lastKnownFileType = sourcecode.swift; path = SyukudaiAlartTests.swift; sourceTree = "<group>"; };
		3B026BF82CBDFBE100644AE8 /* SyukudaiAlartUITests.xctest */ = {isa = PBXFileReference; explicitFileType = wrapper.cfbundle; includeInIndex = 0; path = SyukudaiAlartUITests.xctest; sourceTree = BUILT_PRODUCTS_DIR; };
		3B026BFC2CBDFBE100644AE8 /* SyukudaiAlartUITests.swift */ = {isa = PBXFileReference; lastKnownFileType = sourcecode.swift; path = SyukudaiAlartUITests.swift; sourceTree = "<group>"; };
		3B026BFE2CBDFBE100644AE8 /* SyukudaiAlartUITestsLaunchTests.swift */ = {isa = PBXFileReference; lastKnownFileType = sourcecode.swift; path = SyukudaiAlartUITestsLaunchTests.swift; sourceTree = "<group>"; };
		3B026C0B2CBEA52000644AE8 /* TimerView.swift */ = {isa = PBXFileReference; lastKnownFileType = sourcecode.swift; path = TimerView.swift; sourceTree = "<group>"; };
		3B026C0D2CBEA53800644AE8 /* ProgressBar.swift */ = {isa = PBXFileReference; lastKnownFileType = sourcecode.swift; path = ProgressBar.swift; sourceTree = "<group>"; };
/* End PBXFileReference section */

/* Begin PBXFrameworksBuildPhase section */
		3B026BDA2CBDFBDF00644AE8 /* Frameworks */ = {
			isa = PBXFrameworksBuildPhase;
			buildActionMask = 2147483647;
			files = (
			);
			runOnlyForDeploymentPostprocessing = 0;
		};
		3B026BEB2CBDFBE100644AE8 /* Frameworks */ = {
			isa = PBXFrameworksBuildPhase;
			buildActionMask = 2147483647;
			files = (
			);
			runOnlyForDeploymentPostprocessing = 0;
		};
		3B026BF52CBDFBE100644AE8 /* Frameworks */ = {
			isa = PBXFrameworksBuildPhase;
			buildActionMask = 2147483647;
			files = (
			);
			runOnlyForDeploymentPostprocessing = 0;
		};
/* End PBXFrameworksBuildPhase section */

/* Begin PBXGroup section */
		3B026BD42CBDFBDF00644AE8 = {
			isa = PBXGroup;
			children = (
				3B026BDF2CBDFBDF00644AE8 /* SyukudaiAlart */,
				3B026BF12CBDFBE100644AE8 /* SyukudaiAlartTests */,
				3B026BFB2CBDFBE100644AE8 /* SyukudaiAlartUITests */,
				3B026BDE2CBDFBDF00644AE8 /* Products */,
			);
			sourceTree = "<group>";
		};
		3B026BDE2CBDFBDF00644AE8 /* Products */ = {
			isa = PBXGroup;
			children = (
				3B026BDD2CBDFBDF00644AE8 /* SyukudaiAlart.app */,
				3B026BEE2CBDFBE100644AE8 /* SyukudaiAlartTests.xctest */,
				3B026BF82CBDFBE100644AE8 /* SyukudaiAlartUITests.xctest */,
			);
			name = Products;
			sourceTree = "<group>";
		};
		3B026BDF2CBDFBDF00644AE8 /* SyukudaiAlart */ = {
			isa = PBXGroup;
			children = (
				3B026BE02CBDFBDF00644AE8 /* SyukudaiAlartApp.swift */,
				3B026BE22CBDFBDF00644AE8 /* ContentView.swift */,
				3B026C0B2CBEA52000644AE8 /* TimerView.swift */,
				3B026C0D2CBEA53800644AE8 /* ProgressBar.swift */,
				3B026BE42CBDFBE100644AE8 /* Assets.xcassets */,
				3B026BE62CBDFBE100644AE8 /* SyukudaiAlart.entitlements */,
				3B026BE72CBDFBE100644AE8 /* Preview Content */,
			);
			path = SyukudaiAlart;
			sourceTree = "<group>";
		};
		3B026BE72CBDFBE100644AE8 /* Preview Content */ = {
			isa = PBXGroup;
			children = (
				3B026BE82CBDFBE100644AE8 /* Preview Assets.xcassets */,
			);
			path = "Preview Content";
			sourceTree = "<group>";
		};
		3B026BF12CBDFBE100644AE8 /* SyukudaiAlartTests */ = {
			isa = PBXGroup;
			children = (
				3B026BF22CBDFBE100644AE8 /* SyukudaiAlartTests.swift */,
			);
			path = SyukudaiAlartTests;
			sourceTree = "<group>";
		};
		3B026BFB2CBDFBE100644AE8 /* SyukudaiAlartUITests */ = {
			isa = PBXGroup;
			children = (
				3B026BFC2CBDFBE100644AE8 /* SyukudaiAlartUITests.swift */,
				3B026BFE2CBDFBE100644AE8 /* SyukudaiAlartUITestsLaunchTests.swift */,
			);
			path = SyukudaiAlartUITests;
			sourceTree = "<group>";
		};
/* End PBXGroup section */

/* Begin PBXNativeTarget section */
		3B026BDC2CBDFBDF00644AE8 /* SyukudaiAlart */ = {
			isa = PBXNativeTarget;
			buildConfigurationList = 3B026C022CBDFBE100644AE8 /* Build configuration list for PBXNativeTarget "SyukudaiAlart" */;
			buildPhases = (
				3B026BD92CBDFBDF00644AE8 /* Sources */,
				3B026BDA2CBDFBDF00644AE8 /* Frameworks */,
				3B026BDB2CBDFBDF00644AE8 /* Resources */,
			);
			buildRules = (
			);
			dependencies = (
			);
			name = SyukudaiAlart;
			productName = SyukudaiAlart;
			productReference = 3B026BDD2CBDFBDF00644AE8 /* SyukudaiAlart.app */;
			productType = "com.apple.product-type.application";
		};
		3B026BED2CBDFBE100644AE8 /* SyukudaiAlartTests */ = {
			isa = PBXNativeTarget;
			buildConfigurationList = 3B026C052CBDFBE100644AE8 /* Build configuration list for PBXNativeTarget "SyukudaiAlartTests" */;
			buildPhases = (
				3B026BEA2CBDFBE100644AE8 /* Sources */,
				3B026BEB2CBDFBE100644AE8 /* Frameworks */,
				3B026BEC2CBDFBE100644AE8 /* Resources */,
			);
			buildRules = (
			);
			dependencies = (
				3B026BF02CBDFBE100644AE8 /* PBXTargetDependency */,
			);
			name = SyukudaiAlartTests;
			productName = SyukudaiAlartTests;
			productReference = 3B026BEE2CBDFBE100644AE8 /* SyukudaiAlartTests.xctest */;
			productType = "com.apple.product-type.bundle.unit-test";
		};
		3B026BF72CBDFBE100644AE8 /* SyukudaiAlartUITests */ = {
			isa = PBXNativeTarget;
			buildConfigurationList = 3B026C082CBDFBE100644AE8 /* Build configuration list for PBXNativeTarget "SyukudaiAlartUITests" */;
			buildPhases = (
				3B026BF42CBDFBE100644AE8 /* Sources */,
				3B026BF52CBDFBE100644AE8 /* Frameworks */,
				3B026BF62CBDFBE100644AE8 /* Resources */,
			);
			buildRules = (
			);
			dependencies = (
				3B026BFA2CBDFBE100644AE8 /* PBXTargetDependency */,
			);
			name = SyukudaiAlartUITests;
			productName = SyukudaiAlartUITests;
			productReference = 3B026BF82CBDFBE100644AE8 /* SyukudaiAlartUITests.xctest */;
			productType = "com.apple.product-type.bundle.ui-testing";
		};
/* End PBXNativeTarget section */

/* Begin PBXProject section */
		3B026BD52CBDFBDF00644AE8 /* Project object */ = {
			isa = PBXProject;
			attributes = {
				BuildIndependentTargetsInParallel = 1;
				LastSwiftUpdateCheck = 1540;
				LastUpgradeCheck = 1540;
				TargetAttributes = {
					3B026BDC2CBDFBDF00644AE8 = {
						CreatedOnToolsVersion = 15.4;
					};
					3B026BED2CBDFBE100644AE8 = {
						CreatedOnToolsVersion = 15.4;
						TestTargetID = 3B026BDC2CBDFBDF00644AE8;
					};
					3B026BF72CBDFBE100644AE8 = {
						CreatedOnToolsVersion = 15.4;
						TestTargetID = 3B026BDC2CBDFBDF00644AE8;
					};
				};
			};
			buildConfigurationList = 3B026BD82CBDFBDF00644AE8 /* Build configuration list for PBXProject "SyukudaiAlart" */;
			compatibilityVersion = "Xcode 14.0";
			developmentRegion = en;
			hasScannedForEncodings = 0;
			knownRegions = (
				en,
				Base,
			);
			mainGroup = 3B026BD42CBDFBDF00644AE8;
			productRefGroup = 3B026BDE2CBDFBDF00644AE8 /* Products */;
			projectDirPath = "";
			projectRoot = "";
			targets = (
				3B026BDC2CBDFBDF00644AE8 /* SyukudaiAlart */,
				3B026BED2CBDFBE100644AE8 /* SyukudaiAlartTests */,
				3B026BF72CBDFBE100644AE8 /* SyukudaiAlartUITests */,
			);
		};
/* End PBXProject section */

/* Begin PBXResourcesBuildPhase section */
		3B026BDB2CBDFBDF00644AE8 /* Resources */ = {
			isa = PBXResourcesBuildPhase;
			buildActionMask = 2147483647;
			files = (
				3B026BE92CBDFBE100644AE8 /* Preview Assets.xcassets in Resources */,
				3B026BE52CBDFBE100644AE8 /* Assets.xcassets in Resources */,
			);
			runOnlyForDeploymentPostprocessing = 0;
		};
		3B026BEC2CBDFBE100644AE8 /* Resources */ = {
			isa = PBXResourcesBuildPhase;
			buildActionMask = 2147483647;
			files = (
			);
			runOnlyForDeploymentPostprocessing = 0;
		};
		3B026BF62CBDFBE100644AE8 /* Resources */ = {
			isa = PBXResourcesBuildPhase;
			buildActionMask = 2147483647;
			files = (
			);
			runOnlyForDeploymentPostprocessing = 0;
		};
/* End PBXResourcesBuildPhase section */

/* Begin PBXSourcesBuildPhase section */
		3B026BD92CBDFBDF00644AE8 /* Sources */ = {
			isa = PBXSourcesBuildPhase;
			buildActionMask = 2147483647;
			files = (
				3B026C0C2CBEA52000644AE8 /* TimerView.swift in Sources */,
				3B026BE32CBDFBDF00644AE8 /* ContentView.swift in Sources */,
				3B026C0E2CBEA53800644AE8 /* ProgressBar.swift in Sources */,
				3B026BE12CBDFBDF00644AE8 /* SyukudaiAlartApp.swift in Sources */,
			);
			runOnlyForDeploymentPostprocessing = 0;
		};
		3B026BEA2CBDFBE100644AE8 /* Sources */ = {
			isa = PBXSourcesBuildPhase;
			buildActionMask = 2147483647;
			files = (
				3B026BF32CBDFBE100644AE8 /* SyukudaiAlartTests.swift in Sources */,
			);
			runOnlyForDeploymentPostprocessing = 0;
		};
		3B026BF42CBDFBE100644AE8 /* Sources */ = {
			isa = PBXSourcesBuildPhase;
			buildActionMask = 2147483647;
			files = (
				3B026BFF2CBDFBE100644AE8 /* SyukudaiAlartUITestsLaunchTests.swift in Sources */,
				3B026BFD2CBDFBE100644AE8 /* SyukudaiAlartUITests.swift in Sources */,
			);
			runOnlyForDeploymentPostprocessing = 0;
		};
/* End PBXSourcesBuildPhase section */

/* Begin PBXTargetDependency section */
		3B026BF02CBDFBE100644AE8 /* PBXTargetDependency */ = {
			isa = PBXTargetDependency;
			target = 3B026BDC2CBDFBDF00644AE8 /* SyukudaiAlart */;
			targetProxy = 3B026BEF2CBDFBE100644AE8 /* PBXContainerItemProxy */;
		};
		3B026BFA2CBDFBE100644AE8 /* PBXTargetDependency */ = {
			isa = PBXTargetDependency;
			target = 3B026BDC2CBDFBDF00644AE8 /* SyukudaiAlart */;
			targetProxy = 3B026BF92CBDFBE100644AE8 /* PBXContainerItemProxy */;
		};
/* End PBXTargetDependency section */

/* Begin XCBuildConfiguration section */
		3B026C002CBDFBE100644AE8 /* Debug */ = {
			isa = XCBuildConfiguration;
			buildSettings = {
				ALWAYS_SEARCH_USER_PATHS = NO;
				ASSETCATALOG_COMPILER_GENERATE_SWIFT_ASSET_SYMBOL_EXTENSIONS = YES;
				CLANG_ANALYZER_NONNULL = YES;
				CLANG_ANALYZER_NUMBER_OBJECT_CONVERSION = YES_AGGRESSIVE;
				CLANG_CXX_LANGUAGE_STANDARD = "gnu++20";
				CLANG_ENABLE_MODULES = YES;
				CLANG_ENABLE_OBJC_ARC = YES;
				CLANG_ENABLE_OBJC_WEAK = YES;
				CLANG_WARN_BLOCK_CAPTURE_AUTORELEASING = YES;
				CLANG_WARN_BOOL_CONVERSION = YES;
				CLANG_WARN_COMMA = YES;
				CLANG_WARN_CONSTANT_CONVERSION = YES;
				CLANG_WARN_DEPRECATED_OBJC_IMPLEMENTATIONS = YES;
				CLANG_WARN_DIRECT_OBJC_ISA_USAGE = YES_ERROR;
				CLANG_WARN_DOCUMENTATION_COMMENTS = YES;
				CLANG_WARN_EMPTY_BODY = YES;
				CLANG_WARN_ENUM_CONVERSION = YES;
				CLANG_WARN_INFINITE_RECURSION = YES;
				CLANG_WARN_INT_CONVERSION = YES;
				CLANG_WARN_NON_LITERAL_NULL_CONVERSION = YES;
				CLANG_WARN_OBJC_IMPLICIT_RETAIN_SELF = YES;
				CLANG_WARN_OBJC_LITERAL_CONVERSION = YES;
				CLANG_WARN_OBJC_ROOT_CLASS = YES_ERROR;
				CLANG_WARN_QUOTED_INCLUDE_IN_FRAMEWORK_HEADER = YES;
				CLANG_WARN_RANGE_LOOP_ANALYSIS = YES;
				CLANG_WARN_STRICT_PROTOTYPES = YES;
				CLANG_WARN_SUSPICIOUS_MOVE = YES;
				CLANG_WARN_UNGUARDED_AVAILABILITY = YES_AGGRESSIVE;
				CLANG_WARN_UNREACHABLE_CODE = YES;
				CLANG_WARN__DUPLICATE_METHOD_MATCH = YES;
				COPY_PHASE_STRIP = NO;
				DEBUG_INFORMATION_FORMAT = dwarf;
				ENABLE_STRICT_OBJC_MSGSEND = YES;
				ENABLE_TESTABILITY = YES;
				ENABLE_USER_SCRIPT_SANDBOXING = YES;
				GCC_C_LANGUAGE_STANDARD = gnu17;
				GCC_DYNAMIC_NO_PIC = NO;
				GCC_NO_COMMON_BLOCKS = YES;
				GCC_OPTIMIZATION_LEVEL = 0;
				GCC_PREPROCESSOR_DEFINITIONS = (
					"DEBUG=1",
					"$(inherited)",
				);
				GCC_WARN_64_TO_32_BIT_CONVERSION = YES;
				GCC_WARN_ABOUT_RETURN_TYPE = YES_ERROR;
				GCC_WARN_UNDECLARED_SELECTOR = YES;
				GCC_WARN_UNINITIALIZED_AUTOS = YES_AGGRESSIVE;
				GCC_WARN_UNUSED_FUNCTION = YES;
				GCC_WARN_UNUSED_VARIABLE = YES;
				LOCALIZATION_PREFERS_STRING_CATALOGS = YES;
				MTL_ENABLE_DEBUG_INFO = INCLUDE_SOURCE;
				MTL_FAST_MATH = YES;
				ONLY_ACTIVE_ARCH = YES;
				SWIFT_ACTIVE_COMPILATION_CONDITIONS = "DEBUG $(inherited)";
				SWIFT_OPTIMIZATION_LEVEL = "-Onone";
			};
			name = Debug;
		};
		3B026C012CBDFBE100644AE8 /* Release */ = {
			isa = XCBuildConfiguration;
			buildSettings = {
				ALWAYS_SEARCH_USER_PATHS = NO;
				ASSETCATALOG_COMPILER_GENERATE_SWIFT_ASSET_SYMBOL_EXTENSIONS = YES;
				CLANG_ANALYZER_NONNULL = YES;
				CLANG_ANALYZER_NUMBER_OBJECT_CONVERSION = YES_AGGRESSIVE;
				CLANG_CXX_LANGUAGE_STANDARD = "gnu++20";
				CLANG_ENABLE_MODULES = YES;
				CLANG_ENABLE_OBJC_ARC = YES;
				CLANG_ENABLE_OBJC_WEAK = YES;
				CLANG_WARN_BLOCK_CAPTURE_AUTORELEASING = YES;
				CLANG_WARN_BOOL_CONVERSION = YES;
				CLANG_WARN_COMMA = YES;
				CLANG_WARN_CONSTANT_CONVERSION = YES;
				CLANG_WARN_DEPRECATED_OBJC_IMPLEMENTATIONS = YES;
				CLANG_WARN_DIRECT_OBJC_ISA_USAGE = YES_ERROR;
				CLANG_WARN_DOCUMENTATION_COMMENTS = YES;
				CLANG_WARN_EMPTY_BODY = YES;
				CLANG_WARN_ENUM_CONVERSION = YES;
				CLANG_WARN_INFINITE_RECURSION = YES;
				CLANG_WARN_INT_CONVERSION = YES;
				CLANG_WARN_NON_LITERAL_NULL_CONVERSION = YES;
				CLANG_WARN_OBJC_IMPLICIT_RETAIN_SELF = YES;
				CLANG_WARN_OBJC_LITERAL_CONVERSION = YES;
				CLANG_WARN_OBJC_ROOT_CLASS = YES_ERROR;
				CLANG_WARN_QUOTED_INCLUDE_IN_FRAMEWORK_HEADER = YES;
				CLANG_WARN_RANGE_LOOP_ANALYSIS = YES;
				CLANG_WARN_STRICT_PROTOTYPES = YES;
				CLANG_WARN_SUSPICIOUS_MOVE = YES;
				CLANG_WARN_UNGUARDED_AVAILABILITY = YES_AGGRESSIVE;
				CLANG_WARN_UNREACHABLE_CODE = YES;
				CLANG_WARN__DUPLICATE_METHOD_MATCH = YES;
				COPY_PHASE_STRIP = NO;
				DEBUG_INFORMATION_FORMAT = "dwarf-with-dsym";
				ENABLE_NS_ASSERTIONS = NO;
				ENABLE_STRICT_OBJC_MSGSEND = YES;
				ENABLE_USER_SCRIPT_SANDBOXING = YES;
				GCC_C_LANGUAGE_STANDARD = gnu17;
				GCC_NO_COMMON_BLOCKS = YES;
				GCC_WARN_64_TO_32_BIT_CONVERSION = YES;
				GCC_WARN_ABOUT_RETURN_TYPE = YES_ERROR;
				GCC_WARN_UNDECLARED_SELECTOR = YES;
				GCC_WARN_UNINITIALIZED_AUTOS = YES_AGGRESSIVE;
				GCC_WARN_UNUSED_FUNCTION = YES;
				GCC_WARN_UNUSED_VARIABLE = YES;
				LOCALIZATION_PREFERS_STRING_CATALOGS = YES;
				MTL_ENABLE_DEBUG_INFO = NO;
				MTL_FAST_MATH = YES;
				SWIFT_COMPILATION_MODE = wholemodule;
			};
			name = Release;
		};
		3B026C032CBDFBE100644AE8 /* Debug */ = {
			isa = XCBuildConfiguration;
			buildSettings = {
				ASSETCATALOG_COMPILER_APPICON_NAME = AppIcon;
				ASSETCATALOG_COMPILER_GLOBAL_ACCENT_COLOR_NAME = AccentColor;
				CODE_SIGN_ENTITLEMENTS = SyukudaiAlart/SyukudaiAlart.entitlements;
				CODE_SIGN_STYLE = Automatic;
				CURRENT_PROJECT_VERSION = 1;
				DEVELOPMENT_ASSET_PATHS = "\"SyukudaiAlart/Preview Content\"";
				DEVELOPMENT_TEAM = 922N7TF68N;
				ENABLE_HARDENED_RUNTIME = YES;
				ENABLE_PREVIEWS = YES;
				GENERATE_INFOPLIST_FILE = YES;
				"INFOPLIST_KEY_UIApplicationSceneManifest_Generation[sdk=iphoneos*]" = YES;
				"INFOPLIST_KEY_UIApplicationSceneManifest_Generation[sdk=iphonesimulator*]" = YES;
				"INFOPLIST_KEY_UIApplicationSupportsIndirectInputEvents[sdk=iphoneos*]" = YES;
				"INFOPLIST_KEY_UIApplicationSupportsIndirectInputEvents[sdk=iphonesimulator*]" = YES;
				"INFOPLIST_KEY_UILaunchScreen_Generation[sdk=iphoneos*]" = YES;
				"INFOPLIST_KEY_UILaunchScreen_Generation[sdk=iphonesimulator*]" = YES;
				"INFOPLIST_KEY_UIStatusBarStyle[sdk=iphoneos*]" = UIStatusBarStyleDefault;
				"INFOPLIST_KEY_UIStatusBarStyle[sdk=iphonesimulator*]" = UIStatusBarStyleDefault;
				INFOPLIST_KEY_UISupportedInterfaceOrientations_iPad = "UIInterfaceOrientationPortrait UIInterfaceOrientationPortraitUpsideDown UIInterfaceOrientationLandscapeLeft UIInterfaceOrientationLandscapeRight";
				INFOPLIST_KEY_UISupportedInterfaceOrientations_iPhone = "UIInterfaceOrientationPortrait UIInterfaceOrientationLandscapeLeft UIInterfaceOrientationLandscapeRight";
				IPHONEOS_DEPLOYMENT_TARGET = 17.5;
				LD_RUNPATH_SEARCH_PATHS = "@executable_path/Frameworks";
				"LD_RUNPATH_SEARCH_PATHS[sdk=macosx*]" = "@executable_path/../Frameworks";
				MACOSX_DEPLOYMENT_TARGET = 14.5;
				MARKETING_VERSION = 1.0;
				PRODUCT_BUNDLE_IDENTIFIER = erichan.SyukudaiAlart;
				PRODUCT_NAME = "$(TARGET_NAME)";
				SDKROOT = auto;
				SUPPORTED_PLATFORMS = "iphoneos iphonesimulator macosx";
				SWIFT_EMIT_LOC_STRINGS = YES;
				SWIFT_VERSION = 5.0;
				TARGETED_DEVICE_FAMILY = "1,2";
			};
			name = Debug;
		};
		3B026C042CBDFBE100644AE8 /* Release */ = {
			isa = XCBuildConfiguration;
			buildSettings = {
				ASSETCATALOG_COMPILER_APPICON_NAME = AppIcon;
				ASSETCATALOG_COMPILER_GLOBAL_ACCENT_COLOR_NAME = AccentColor;
				CODE_SIGN_ENTITLEMENTS = SyukudaiAlart/SyukudaiAlart.entitlements;
				CODE_SIGN_STYLE = Automatic;
				CURRENT_PROJECT_VERSION = 1;
				DEVELOPMENT_ASSET_PATHS = "\"SyukudaiAlart/Preview Content\"";
				DEVELOPMENT_TEAM = 922N7TF68N;
				ENABLE_HARDENED_RUNTIME = YES;
				ENABLE_PREVIEWS = YES;
				GENERATE_INFOPLIST_FILE = YES;
				"INFOPLIST_KEY_UIApplicationSceneManifest_Generation[sdk=iphoneos*]" = YES;
				"INFOPLIST_KEY_UIApplicationSceneManifest_Generation[sdk=iphonesimulator*]" = YES;
				"INFOPLIST_KEY_UIApplicationSupportsIndirectInputEvents[sdk=iphoneos*]" = YES;
				"INFOPLIST_KEY_UIApplicationSupportsIndirectInputEvents[sdk=iphonesimulator*]" = YES;
				"INFOPLIST_KEY_UILaunchScreen_Generation[sdk=iphoneos*]" = YES;
				"INFOPLIST_KEY_UILaunchScreen_Generation[sdk=iphonesimulator*]" = YES;
				"INFOPLIST_KEY_UIStatusBarStyle[sdk=iphoneos*]" = UIStatusBarStyleDefault;
				"INFOPLIST_KEY_UIStatusBarStyle[sdk=iphonesimulator*]" = UIStatusBarStyleDefault;
				INFOPLIST_KEY_UISupportedInterfaceOrientations_iPad = "UIInterfaceOrientationPortrait UIInterfaceOrientationPortraitUpsideDown UIInterfaceOrientationLandscapeLeft UIInterfaceOrientationLandscapeRight";
				INFOPLIST_KEY_UISupportedInterfaceOrientations_iPhone = "UIInterfaceOrientationPortrait UIInterfaceOrientationLandscapeLeft UIInterfaceOrientationLandscapeRight";
				IPHONEOS_DEPLOYMENT_TARGET = 17.5;
				LD_RUNPATH_SEARCH_PATHS = "@executable_path/Frameworks";
				"LD_RUNPATH_SEARCH_PATHS[sdk=macosx*]" = "@executable_path/../Frameworks";
				MACOSX_DEPLOYMENT_TARGET = 14.5;
				MARKETING_VERSION = 1.0;
				PRODUCT_BUNDLE_IDENTIFIER = erichan.SyukudaiAlart;
				PRODUCT_NAME = "$(TARGET_NAME)";
				SDKROOT = auto;
				SUPPORTED_PLATFORMS = "iphoneos iphonesimulator macosx";
				SWIFT_EMIT_LOC_STRINGS = YES;
				SWIFT_VERSION = 5.0;
				TARGETED_DEVICE_FAMILY = "1,2";
			};
			name = Release;
		};
		3B026C062CBDFBE100644AE8 /* Debug */ = {
			isa = XCBuildConfiguration;
			buildSettings = {
				ALWAYS_EMBED_SWIFT_STANDARD_LIBRARIES = YES;
				BUNDLE_LOADER = "$(TEST_HOST)";
				CODE_SIGN_STYLE = Automatic;
				CURRENT_PROJECT_VERSION = 1;
				DEVELOPMENT_TEAM = 922N7TF68N;
				GENERATE_INFOPLIST_FILE = YES;
				IPHONEOS_DEPLOYMENT_TARGET = 17.5;
				MACOSX_DEPLOYMENT_TARGET = 14.5;
				MARKETING_VERSION = 1.0;
				PRODUCT_BUNDLE_IDENTIFIER = erichan.SyukudaiAlartTests;
				PRODUCT_NAME = "$(TARGET_NAME)";
				SDKROOT = auto;
				SUPPORTED_PLATFORMS = "iphoneos iphonesimulator macosx";
				SWIFT_EMIT_LOC_STRINGS = NO;
				SWIFT_VERSION = 5.0;
				TARGETED_DEVICE_FAMILY = "1,2";
				TEST_HOST = "$(BUILT_PRODUCTS_DIR)/SyukudaiAlart.app/$(BUNDLE_EXECUTABLE_FOLDER_PATH)/SyukudaiAlart";
			};
			name = Debug;
		};
		3B026C072CBDFBE100644AE8 /* Release */ = {
			isa = XCBuildConfiguration;
			buildSettings = {
				ALWAYS_EMBED_SWIFT_STANDARD_LIBRARIES = YES;
				BUNDLE_LOADER = "$(TEST_HOST)";
				CODE_SIGN_STYLE = Automatic;
				CURRENT_PROJECT_VERSION = 1;
				DEVELOPMENT_TEAM = 922N7TF68N;
				GENERATE_INFOPLIST_FILE = YES;
				IPHONEOS_DEPLOYMENT_TARGET = 17.5;
				MACOSX_DEPLOYMENT_TARGET = 14.5;
				MARKETING_VERSION = 1.0;
				PRODUCT_BUNDLE_IDENTIFIER = erichan.SyukudaiAlartTests;
				PRODUCT_NAME = "$(TARGET_NAME)";
				SDKROOT = auto;
				SUPPORTED_PLATFORMS = "iphoneos iphonesimulator macosx";
				SWIFT_EMIT_LOC_STRINGS = NO;
				SWIFT_VERSION = 5.0;
				TARGETED_DEVICE_FAMILY = "1,2";
				TEST_HOST = "$(BUILT_PRODUCTS_DIR)/SyukudaiAlart.app/$(BUNDLE_EXECUTABLE_FOLDER_PATH)/SyukudaiAlart";
			};
			name = Release;
		};
		3B026C092CBDFBE100644AE8 /* Debug */ = {
			isa = XCBuildConfiguration;
			buildSettings = {
				ALWAYS_EMBED_SWIFT_STANDARD_LIBRARIES = YES;
				CODE_SIGN_STYLE = Automatic;
				CURRENT_PROJECT_VERSION = 1;
				DEVELOPMENT_TEAM = 922N7TF68N;
				GENERATE_INFOPLIST_FILE = YES;
				IPHONEOS_DEPLOYMENT_TARGET = 17.5;
				MACOSX_DEPLOYMENT_TARGET = 14.5;
				MARKETING_VERSION = 1.0;
				PRODUCT_BUNDLE_IDENTIFIER = erichan.SyukudaiAlartUITests;
				PRODUCT_NAME = "$(TARGET_NAME)";
				SDKROOT = auto;
				SUPPORTED_PLATFORMS = "iphoneos iphonesimulator macosx";
				SWIFT_EMIT_LOC_STRINGS = NO;
				SWIFT_VERSION = 5.0;
				TARGETED_DEVICE_FAMILY = "1,2";
				TEST_TARGET_NAME = SyukudaiAlart;
			};
			name = Debug;
		};
		3B026C0A2CBDFBE100644AE8 /* Release */ = {
			isa = XCBuildConfiguration;
			buildSettings = {
				ALWAYS_EMBED_SWIFT_STANDARD_LIBRARIES = YES;
				CODE_SIGN_STYLE = Automatic;
				CURRENT_PROJECT_VERSION = 1;
				DEVELOPMENT_TEAM = 922N7TF68N;
				GENERATE_INFOPLIST_FILE = YES;
				IPHONEOS_DEPLOYMENT_TARGET = 17.5;
				MACOSX_DEPLOYMENT_TARGET = 14.5;
				MARKETING_VERSION = 1.0;
				PRODUCT_BUNDLE_IDENTIFIER = erichan.SyukudaiAlartUITests;
				PRODUCT_NAME = "$(TARGET_NAME)";
				SDKROOT = auto;
				SUPPORTED_PLATFORMS = "iphoneos iphonesimulator macosx";
				SWIFT_EMIT_LOC_STRINGS = NO;
				SWIFT_VERSION = 5.0;
				TARGETED_DEVICE_FAMILY = "1,2";
				TEST_TARGET_NAME = SyukudaiAlart;
			};
			name = Release;
		};
/* End XCBuildConfiguration section */

/* Begin XCConfigurationList section */
		3B026BD82CBDFBDF00644AE8 /* Build configuration list for PBXProject "SyukudaiAlart" */ = {
			isa = XCConfigurationList;
			buildConfigurations = (
				3B026C002CBDFBE100644AE8 /* Debug */,
				3B026C012CBDFBE100644AE8 /* Release */,
			);
			defaultConfigurationIsVisible = 0;
			defaultConfigurationName = Release;
		};
		3B026C022CBDFBE100644AE8 /* Build configuration list for PBXNativeTarget "SyukudaiAlart" */ = {
			isa = XCConfigurationList;
			buildConfigurations = (
				3B026C032CBDFBE100644AE8 /* Debug */,
				3B026C042CBDFBE100644AE8 /* Release */,
			);
			defaultConfigurationIsVisible = 0;
			defaultConfigurationName = Release;
		};
		3B026C052CBDFBE100644AE8 /* Build configuration list for PBXNativeTarget "SyukudaiAlartTests" */ = {
			isa = XCConfigurationList;
			buildConfigurations = (
				3B026C062CBDFBE100644AE8 /* Debug */,
				3B026C072CBDFBE100644AE8 /* Release */,
			);
			defaultConfigurationIsVisible = 0;
			defaultConfigurationName = Release;
		};
		3B026C082CBDFBE100644AE8 /* Build configuration list for PBXNativeTarget "SyukudaiAlartUITests" */ = {
			isa = XCConfigurationList;
			buildConfigurations = (
				3B026C092CBDFBE100644AE8 /* Debug */,
				3B026C0A2CBDFBE100644AE8 /* Release */,
			);
			defaultConfigurationIsVisible = 0;
			defaultConfigurationName = Release;
		};
/* End XCConfigurationList section */
	};
	rootObject = 3B026BD52CBDFBDF00644AE8 /* Project object */;
}
